
Microsoft Visual Studio Solution File, Format Version 12.00
# Visual Studio 15
VisualStudioVersion = 15.0.27703.2026
MinimumVisualStudioVersion = 10.0.40219.1
Project("{9A19103F-16F7-4668-BE54-9A1E7A4F7556}") = "TrackApartmentsApp", "TrackApartmentsApp\TrackApartmentsApp.csproj", "{01BAD23A-CCBF-44CB-9F74-65F85C10F894}"
EndProject
Project("{9A19103F-16F7-4668-BE54-9A1E7A4F7556}") = "TrackApartments.Shared", "TrackApartments.Shared\TrackApartments.Shared.csproj", "{CE3FFF56-DCC1-4AEB-89EA-260B381A4D14}"
EndProject
Project("{9A19103F-16F7-4668-BE54-9A1E7A4F7556}") = "TrackApartments.Onliner", "TrackApartments.Onliner\TrackApartments.Onliner.csproj", "{9825D9FB-100A-4D14-9C0F-DF3E6841724C}"
EndProject
Project("{9A19103F-16F7-4668-BE54-9A1E7A4F7556}") = "TrackApartments.Contracts", "TrackApartments.Contracts\TrackApartments.Contracts.csproj", "{4E8DADC4-C413-4B12-9854-066B867B9AC7}"
EndProject
Project("{9A19103F-16F7-4668-BE54-9A1E7A4F7556}") = "TrackApartments.Storage", "TrackApartments.Storage\TrackApartments.Storage.csproj", "{7B20EB55-BA77-4410-895A-B50F0179F169}"
EndProject
Project("{2150E333-8FDC-42A3-9474-1A3956D46DE8}") = "Functions", "Functions", "{8A2070FD-071F-4FD9-A4E9-BF2D44E56DD7}"
EndProject
Project("{2150E333-8FDC-42A3-9474-1A3956D46DE8}") = "Common", "Common", "{1B063365-0E33-4CED-992F-22547A2389DB}"
EndProject
Project("{9A19103F-16F7-4668-BE54-9A1E7A4F7556}") = "TrackApartments.Core", "TrackApartments.Core\TrackApartments.Core.csproj", "{6979D3F5-9EDE-45B1-94AA-5C4D3A724AED}"
EndProject
Project("{9A19103F-16F7-4668-BE54-9A1E7A4F7556}") = "TrackApartments.User", "TrackApartments.User\TrackApartments.User.csproj", "{7FAB0C97-6BCF-4EA2-86C4-E3A2B31DAF2E}"
EndProject
Project("{2150E333-8FDC-42A3-9474-1A3956D46DE8}") = "Tests", "Tests", "{5973F0DB-8732-495D-97BD-FFE0E68B3765}"
EndProject
Project("{9A19103F-16F7-4668-BE54-9A1E7A4F7556}") = "TrackApartments.Storage.Tests", "TrackApartments.Storage.Tests\TrackApartments.Storage.Tests.csproj", "{2515FD24-5E86-4197-BF0A-ECBF7806D033}"
EndProject
Project("{2150E333-8FDC-42A3-9474-1A3956D46DE8}") = "OnlinerFunction", "OnlinerFunction", "{BA8CD0F7-EA25-4E6C-A51A-BD556704A349}"
EndProject
Project("{2150E333-8FDC-42A3-9474-1A3956D46DE8}") = "StorageFunction", "StorageFunction", "{590B4537-9401-40F8-BFE2-90E567D5226C}"
EndProject
Project("{2150E333-8FDC-42A3-9474-1A3956D46DE8}") = "UserFunction", "UserFunction", "{3FE72F4B-F1AD-4B68-8235-22B5BB493000}"
EndProject
Project("{2150E333-8FDC-42A3-9474-1A3956D46DE8}") = "KufarFunction", "KufarFunction", "{369BF19B-E043-4EB8-A051-1B036A1F100B}"
EndProject
Project("{9A19103F-16F7-4668-BE54-9A1E7A4F7556}") = "TrackApartments.Kufar", "TrackApartments.Kufar\TrackApartments.Kufar.csproj", "{29CCD2B9-BEC4-4302-8529-0EDD04C21F48}"
EndProject
Project("{2150E333-8FDC-42A3-9474-1A3956D46DE8}") = "FunctionsApi", "FunctionsApi", "{5718630D-39F1-4E17-9B51-0C51EBB0C28A}"
EndProject
Project("{2150E333-8FDC-42A3-9474-1A3956D46DE8}") = "ApartmentsFunction", "ApartmentsFunction", "{DB31C091-97E3-47DC-A87B-B983063B1ED1}"
EndProject
Project("{9A19103F-16F7-4668-BE54-9A1E7A4F7556}") = "TrackApartments.Get", "TrackApartments.Get\TrackApartments.Get.csproj", "{916215C8-1CC2-4544-BA1F-10BF61C37B14}"
EndProject
Project("{9A19103F-16F7-4668-BE54-9A1E7A4F7556}") = "TrackApartments.Data", "TrackApartments.Data\TrackApartments.Data.csproj", "{12AD6DC9-0E2A-4684-B945-73E4241DB674}"
EndProject
Project("{9A19103F-16F7-4668-BE54-9A1E7A4F7556}") = "TrackApartments.Data.Contracts", "TrackApartments.Data.Contracts\TrackApartments.Data.Contracts.csproj", "{CA6D3170-9FA4-4891-AA25-987DD9D2E149}"
EndProject
Project("{9A19103F-16F7-4668-BE54-9A1E7A4F7556}") = "TrackApartments.Auth", "TrackApartments.Auth\TrackApartments.Auth.csproj", "{7F13D68D-5AD0-4F73-AD61-7709020E70A1}"
EndProject
Project("{9A19103F-16F7-4668-BE54-9A1E7A4F7556}") = "TrackApartments.Storage.Delete", "TrackApartments.Storage.Delete\TrackApartments.Storage.Delete.csproj", "{53CDD2DF-B211-4994-9ECD-19AD7F6C3FA3}"
EndProject
Project("{FAE04EC0-301F-11D3-BF4B-00C04F79EFBC}") = "TrackApartments.Storage.DeleteDups", "TrackApartments.Storage.DeleteDups\TrackApartments.Storage.DeleteDups.csproj", "{77BDF761-73BF-400D-9A85-9CC4C09A5F27}"
EndProject
Global
	GlobalSection(SolutionConfigurationPlatforms) = preSolution
		Debug|Any CPU = Debug|Any CPU
		Release|Any CPU = Release|Any CPU
	EndGlobalSection
	GlobalSection(ProjectConfigurationPlatforms) = postSolution
		{01BAD23A-CCBF-44CB-9F74-65F85C10F894}.Debug|Any CPU.ActiveCfg = Debug|Any CPU
		{01BAD23A-CCBF-44CB-9F74-65F85C10F894}.Debug|Any CPU.Build.0 = Debug|Any CPU
		{01BAD23A-CCBF-44CB-9F74-65F85C10F894}.Release|Any CPU.ActiveCfg = Release|Any CPU
		{01BAD23A-CCBF-44CB-9F74-65F85C10F894}.Release|Any CPU.Build.0 = Release|Any CPU
		{CE3FFF56-DCC1-4AEB-89EA-260B381A4D14}.Debug|Any CPU.ActiveCfg = Debug|Any CPU
		{CE3FFF56-DCC1-4AEB-89EA-260B381A4D14}.Debug|Any CPU.Build.0 = Debug|Any CPU
		{CE3FFF56-DCC1-4AEB-89EA-260B381A4D14}.Release|Any CPU.ActiveCfg = Release|Any CPU
		{CE3FFF56-DCC1-4AEB-89EA-260B381A4D14}.Release|Any CPU.Build.0 = Release|Any CPU
		{9825D9FB-100A-4D14-9C0F-DF3E6841724C}.Debug|Any CPU.ActiveCfg = Debug|Any CPU
		{9825D9FB-100A-4D14-9C0F-DF3E6841724C}.Debug|Any CPU.Build.0 = Debug|Any CPU
		{9825D9FB-100A-4D14-9C0F-DF3E6841724C}.Release|Any CPU.ActiveCfg = Release|Any CPU
		{9825D9FB-100A-4D14-9C0F-DF3E6841724C}.Release|Any CPU.Build.0 = Release|Any CPU
		{4E8DADC4-C413-4B12-9854-066B867B9AC7}.Debug|Any CPU.ActiveCfg = Debug|Any CPU
		{4E8DADC4-C413-4B12-9854-066B867B9AC7}.Debug|Any CPU.Build.0 = Debug|Any CPU
		{4E8DADC4-C413-4B12-9854-066B867B9AC7}.Release|Any CPU.ActiveCfg = Release|Any CPU
		{4E8DADC4-C413-4B12-9854-066B867B9AC7}.Release|Any CPU.Build.0 = Release|Any CPU
		{7B20EB55-BA77-4410-895A-B50F0179F169}.Debug|Any CPU.ActiveCfg = Debug|Any CPU
		{7B20EB55-BA77-4410-895A-B50F0179F169}.Debug|Any CPU.Build.0 = Debug|Any CPU
		{7B20EB55-BA77-4410-895A-B50F0179F169}.Release|Any CPU.ActiveCfg = Release|Any CPU
		{7B20EB55-BA77-4410-895A-B50F0179F169}.Release|Any CPU.Build.0 = Release|Any CPU
		{6979D3F5-9EDE-45B1-94AA-5C4D3A724AED}.Debug|Any CPU.ActiveCfg = Debug|Any CPU
		{6979D3F5-9EDE-45B1-94AA-5C4D3A724AED}.Debug|Any CPU.Build.0 = Debug|Any CPU
		{6979D3F5-9EDE-45B1-94AA-5C4D3A724AED}.Release|Any CPU.ActiveCfg = Release|Any CPU
		{6979D3F5-9EDE-45B1-94AA-5C4D3A724AED}.Release|Any CPU.Build.0 = Release|Any CPU
		{7FAB0C97-6BCF-4EA2-86C4-E3A2B31DAF2E}.Debug|Any CPU.ActiveCfg = Debug|Any CPU
		{7FAB0C97-6BCF-4EA2-86C4-E3A2B31DAF2E}.Debug|Any CPU.Build.0 = Debug|Any CPU
		{7FAB0C97-6BCF-4EA2-86C4-E3A2B31DAF2E}.Release|Any CPU.ActiveCfg = Release|Any CPU
		{7FAB0C97-6BCF-4EA2-86C4-E3A2B31DAF2E}.Release|Any CPU.Build.0 = Release|Any CPU
		{2515FD24-5E86-4197-BF0A-ECBF7806D033}.Debug|Any CPU.ActiveCfg = Debug|Any CPU
		{2515FD24-5E86-4197-BF0A-ECBF7806D033}.Debug|Any CPU.Build.0 = Debug|Any CPU
		{2515FD24-5E86-4197-BF0A-ECBF7806D033}.Release|Any CPU.ActiveCfg = Release|Any CPU
		{2515FD24-5E86-4197-BF0A-ECBF7806D033}.Release|Any CPU.Build.0 = Release|Any CPU
		{29CCD2B9-BEC4-4302-8529-0EDD04C21F48}.Debug|Any CPU.ActiveCfg = Debug|Any CPU
		{29CCD2B9-BEC4-4302-8529-0EDD04C21F48}.Debug|Any CPU.Build.0 = Debug|Any CPU
		{29CCD2B9-BEC4-4302-8529-0EDD04C21F48}.Release|Any CPU.ActiveCfg = Release|Any CPU
		{29CCD2B9-BEC4-4302-8529-0EDD04C21F48}.Release|Any CPU.Build.0 = Release|Any CPU
		{916215C8-1CC2-4544-BA1F-10BF61C37B14}.Debug|Any CPU.ActiveCfg = Debug|Any CPU
		{916215C8-1CC2-4544-BA1F-10BF61C37B14}.Debug|Any CPU.Build.0 = Debug|Any CPU
		{916215C8-1CC2-4544-BA1F-10BF61C37B14}.Release|Any CPU.ActiveCfg = Release|Any CPU
		{916215C8-1CC2-4544-BA1F-10BF61C37B14}.Release|Any CPU.Build.0 = Release|Any CPU
		{12AD6DC9-0E2A-4684-B945-73E4241DB674}.Debug|Any CPU.ActiveCfg = Debug|Any CPU
		{12AD6DC9-0E2A-4684-B945-73E4241DB674}.Debug|Any CPU.Build.0 = Debug|Any CPU
		{12AD6DC9-0E2A-4684-B945-73E4241DB674}.Release|Any CPU.ActiveCfg = Release|Any CPU
		{12AD6DC9-0E2A-4684-B945-73E4241DB674}.Release|Any CPU.Build.0 = Release|Any CPU
		{CA6D3170-9FA4-4891-AA25-987DD9D2E149}.Debug|Any CPU.ActiveCfg = Debug|Any CPU
		{CA6D3170-9FA4-4891-AA25-987DD9D2E149}.Debug|Any CPU.Build.0 = Debug|Any CPU
		{CA6D3170-9FA4-4891-AA25-987DD9D2E149}.Release|Any CPU.ActiveCfg = Release|Any CPU
		{CA6D3170-9FA4-4891-AA25-987DD9D2E149}.Release|Any CPU.Build.0 = Release|Any CPU
		{7F13D68D-5AD0-4F73-AD61-7709020E70A1}.Debug|Any CPU.ActiveCfg = Debug|Any CPU
		{7F13D68D-5AD0-4F73-AD61-7709020E70A1}.Debug|Any CPU.Build.0 = Debug|Any CPU
		{7F13D68D-5AD0-4F73-AD61-7709020E70A1}.Release|Any CPU.ActiveCfg = Release|Any CPU
		{7F13D68D-5AD0-4F73-AD61-7709020E70A1}.Release|Any CPU.Build.0 = Release|Any CPU
		{53CDD2DF-B211-4994-9ECD-19AD7F6C3FA3}.Debug|Any CPU.ActiveCfg = Debug|Any CPU
		{53CDD2DF-B211-4994-9ECD-19AD7F6C3FA3}.Debug|Any CPU.Build.0 = Debug|Any CPU
		{53CDD2DF-B211-4994-9ECD-19AD7F6C3FA3}.Release|Any CPU.ActiveCfg = Release|Any CPU
		{53CDD2DF-B211-4994-9ECD-19AD7F6C3FA3}.Release|Any CPU.Build.0 = Release|Any CPU
		{77BDF761-73BF-400D-9A85-9CC4C09A5F27}.Debug|Any CPU.ActiveCfg = Debug|Any CPU
		{77BDF761-73BF-400D-9A85-9CC4C09A5F27}.Debug|Any CPU.Build.0 = Debug|Any CPU
		{77BDF761-73BF-400D-9A85-9CC4C09A5F27}.Release|Any CPU.ActiveCfg = Release|Any CPU
		{77BDF761-73BF-400D-9A85-9CC4C09A5F27}.Release|Any CPU.Build.0 = Release|Any CPU
	EndGlobalSection
	GlobalSection(SolutionProperties) = preSolution
		HideSolutionNode = FALSE
	EndGlobalSection
	GlobalSection(NestedProjects) = preSolution
		{CE3FFF56-DCC1-4AEB-89EA-260B381A4D14} = {1B063365-0E33-4CED-992F-22547A2389DB}
		{9825D9FB-100A-4D14-9C0F-DF3E6841724C} = {BA8CD0F7-EA25-4E6C-A51A-BD556704A349}
		{4E8DADC4-C413-4B12-9854-066B867B9AC7} = {1B063365-0E33-4CED-992F-22547A2389DB}
		{7B20EB55-BA77-4410-895A-B50F0179F169} = {590B4537-9401-40F8-BFE2-90E567D5226C}
		{6979D3F5-9EDE-45B1-94AA-5C4D3A724AED} = {1B063365-0E33-4CED-992F-22547A2389DB}
		{7FAB0C97-6BCF-4EA2-86C4-E3A2B31DAF2E} = {3FE72F4B-F1AD-4B68-8235-22B5BB493000}
		{2515FD24-5E86-4197-BF0A-ECBF7806D033} = {5973F0DB-8732-495D-97BD-FFE0E68B3765}
		{BA8CD0F7-EA25-4E6C-A51A-BD556704A349} = {8A2070FD-071F-4FD9-A4E9-BF2D44E56DD7}
		{590B4537-9401-40F8-BFE2-90E567D5226C} = {8A2070FD-071F-4FD9-A4E9-BF2D44E56DD7}
		{3FE72F4B-F1AD-4B68-8235-22B5BB493000} = {8A2070FD-071F-4FD9-A4E9-BF2D44E56DD7}
		{369BF19B-E043-4EB8-A051-1B036A1F100B} = {8A2070FD-071F-4FD9-A4E9-BF2D44E56DD7}
		{29CCD2B9-BEC4-4302-8529-0EDD04C21F48} = {369BF19B-E043-4EB8-A051-1B036A1F100B}
		{DB31C091-97E3-47DC-A87B-B983063B1ED1} = {5718630D-39F1-4E17-9B51-0C51EBB0C28A}
		{916215C8-1CC2-4544-BA1F-10BF61C37B14} = {DB31C091-97E3-47DC-A87B-B983063B1ED1}
		{12AD6DC9-0E2A-4684-B945-73E4241DB674} = {1B063365-0E33-4CED-992F-22547A2389DB}
		{CA6D3170-9FA4-4891-AA25-987DD9D2E149} = {1B063365-0E33-4CED-992F-22547A2389DB}
		{7F13D68D-5AD0-4F73-AD61-7709020E70A1} = {1B063365-0E33-4CED-992F-22547A2389DB}
		{53CDD2DF-B211-4994-9ECD-19AD7F6C3FA3} = {590B4537-9401-40F8-BFE2-90E567D5226C}
		{77BDF761-73BF-400D-9A85-9CC4C09A5F27} = {590B4537-9401-40F8-BFE2-90E567D5226C}
	EndGlobalSection
	GlobalSection(ExtensibilityGlobals) = postSolution
		SolutionGuid = {627D8A49-77DE-435C-ACE0-4BC4DD7F91C3}
	EndGlobalSection
EndGlobal
