
Microsoft Visual Studio Solution File, Format Version 12.00
# Visual Studio 15
VisualStudioVersion = 15.0.27703.2026
MinimumVisualStudioVersion = 10.0.40219.1
Project("{FAE04EC0-301F-11D3-BF4B-00C04F79EFBC}") = "TrackApartmentsApp", "TrackApartmentsApp\TrackApartmentsApp.csproj", "{01BAD23A-CCBF-44CB-9F74-65F85C10F894}"
EndProject
Global
	GlobalSection(SolutionConfigurationPlatforms) = preSolution
		Debug|Any CPU = Debug|Any CPU
		Release|Any CPU = Release|Any CPU
	EndGlobalSection
	GlobalSection(ProjectConfigurationPlatforms) = postSolution
		{01BAD23A-CCBF-44CB-9F74-65F85C10F894}.Debug|Any CPU.ActiveCfg = Debug|Any CPU
		{01BAD23A-CCBF-44CB-9F74-65F85C10F894}.Debug|Any CPU.Build.0 = Debug|Any CPU
		{01BAD23A-CCBF-44CB-9F74-65F85C10F894}.Release|Any CPU.ActiveCfg = Release|Any CPU
		{01BAD23A-CCBF-44CB-9F74-65F85C10F894}.Release|Any CPU.Build.0 = Release|Any CPU
	EndGlobalSection
	GlobalSection(SolutionProperties) = preSolution
		HideSolutionNode = FALSE
	EndGlobalSection
	GlobalSection(ExtensibilityGlobals) = postSolution
		SolutionGuid = {627D8A49-77DE-435C-ACE0-4BC4DD7F91C3}
	EndGlobalSection
EndGlobal
